
Microsoft Visual Studio Solution File, Format Version 12.00
Project("{FAE04EC0-301F-11D3-BF4B-00C04F79EFBC}") = "DesignPatterns2", "DesignPatterns2\DesignPatterns2.csproj", "{BA741266-31DE-4EBA-AED8-9729ED75EE75}"
EndProject
Global
	GlobalSection(SolutionConfigurationPlatforms) = preSolution
		Debug|Any CPU = Debug|Any CPU
		Release|Any CPU = Release|Any CPU
	EndGlobalSection
	GlobalSection(ProjectConfigurationPlatforms) = postSolution
		{BA741266-31DE-4EBA-AED8-9729ED75EE75}.Debug|Any CPU.ActiveCfg = Debug|Any CPU
		{BA741266-31DE-4EBA-AED8-9729ED75EE75}.Debug|Any CPU.Build.0 = Debug|Any CPU
		{BA741266-31DE-4EBA-AED8-9729ED75EE75}.Release|Any CPU.ActiveCfg = Release|Any CPU
		{BA741266-31DE-4EBA-AED8-9729ED75EE75}.Release|Any CPU.Build.0 = Release|Any CPU
	EndGlobalSection
EndGlobal
